<Solution>
  <Project Path="BillingService.Application/BillingService.Application.csproj" />
  <Project Path="BillingService.Domain/BillingService.Domain.csproj" />
  <Project Path="BillingService.Infrastructure/BillingService.Infrastructure.csproj" />
  <Project Path="BillingService.WebApi/BillingService.WebApi.csproj" />
</Solution>
